// !$*UTF8*$!
{
	archiveVersion = 1;
	classes = {
	};
	objectVersion = 46;
	objects = {

/* Begin PBXBuildFile section */
		A45261271D889FE100FD33B9 /* main.m in Sources */ = {isa = PBXBuildFile; fileRef = A45261261D889FE100FD33B9 /* main.m */; };
		A452612A1D889FE100FD33B9 /* AppDelegate.m in Sources */ = {isa = PBXBuildFile; fileRef = A45261291D889FE100FD33B9 /* AppDelegate.m */; };
		A452612D1D889FE100FD33B9 /* ViewController.m in Sources */ = {isa = PBXBuildFile; fileRef = A452612C1D889FE100FD33B9 /* ViewController.m */; };
		A45261301D889FE100FD33B9 /* Main.storyboard in Resources */ = {isa = PBXBuildFile; fileRef = A452612E1D889FE100FD33B9 /* Main.storyboard */; };
		A45261321D889FE100FD33B9 /* Assets.xcassets in Resources */ = {isa = PBXBuildFile; fileRef = A45261311D889FE100FD33B9 /* Assets.xcassets */; };
		A45261351D889FE100FD33B9 /* LaunchScreen.storyboard in Resources */ = {isa = PBXBuildFile; fileRef = A45261331D889FE100FD33B9 /* LaunchScreen.storyboard */; };
		DC82FFFA25041A4DBFB733B6 /* Pods_ForceTouchSample.framework in Frameworks */ = {isa = PBXBuildFile; fileRef = 38CFAAE08C1FEA3D9F1C7522 /* Pods_ForceTouchSample.framework */; };
/* End PBXBuildFile section */

/* Begin PBXFileReference section */
		38CFAAE08C1FEA3D9F1C7522 /* Pods_ForceTouchSample.framework */ = {isa = PBXFileReference; explicitFileType = wrapper.framework; includeInIndex = 0; path = Pods_ForceTouchSample.framework; sourceTree = BUILT_PRODUCTS_DIR; };
		A1720C79FBDDE94ADB60EBE8 /* Pods-ForceTouchSample.debug.xcconfig */ = {isa = PBXFileReference; includeInIndex = 1; lastKnownFileType = text.xcconfig; name = "Pods-ForceTouchSample.debug.xcconfig"; path = "../Pods/Target Support Files/Pods-ForceTouchSample/Pods-ForceTouchSample.debug.xcconfig"; sourceTree = "<group>"; };
		A45261221D889FE100FD33B9 /* ForceTouchSample.app */ = {isa = PBXFileReference; explicitFileType = wrapper.application; includeInIndex = 0; path = ForceTouchSample.app; sourceTree = BUILT_PRODUCTS_DIR; };
		A45261261D889FE100FD33B9 /* main.m */ = {isa = PBXFileReference; lastKnownFileType = sourcecode.c.objc; path = main.m; sourceTree = "<group>"; };
		A45261281D889FE100FD33B9 /* AppDelegate.h */ = {isa = PBXFileReference; lastKnownFileType = sourcecode.c.h; path = AppDelegate.h; sourceTree = "<group>"; };
		A45261291D889FE100FD33B9 /* AppDelegate.m */ = {isa = PBXFileReference; lastKnownFileType = sourcecode.c.objc; path = AppDelegate.m; sourceTree = "<group>"; };
		A452612B1D889FE100FD33B9 /* ViewController.h */ = {isa = PBXFileReference; lastKnownFileType = sourcecode.c.h; path = ViewController.h; sourceTree = "<group>"; };
		A452612C1D889FE100FD33B9 /* ViewController.m */ = {isa = PBXFileReference; lastKnownFileType = sourcecode.c.objc; path = ViewController.m; sourceTree = "<group>"; };
		A452612F1D889FE100FD33B9 /* Base */ = {isa = PBXFileReference; lastKnownFileType = file.storyboard; name = Base; path = Base.lproj/Main.storyboard; sourceTree = "<group>"; };
		A45261311D889FE100FD33B9 /* Assets.xcassets */ = {isa = PBXFileReference; lastKnownFileType = folder.assetcatalog; path = Assets.xcassets; sourceTree = "<group>"; };
		A45261341D889FE100FD33B9 /* Base */ = {isa = PBXFileReference; lastKnownFileType = file.storyboard; name = Base; path = Base.lproj/LaunchScreen.storyboard; sourceTree = "<group>"; };
		A45261361D889FE100FD33B9 /* Info.plist */ = {isa = PBXFileReference; lastKnownFileType = text.plist.xml; path = Info.plist; sourceTree = "<group>"; };
		CD28A23FDF880FBE27CA7C5C /* Pods-ForceTouchSample.release.xcconfig */ = {isa = PBXFileReference; includeInIndex = 1; lastKnownFileType = text.xcconfig; name = "Pods-ForceTouchSample.release.xcconfig"; path = "../Pods/Target Support Files/Pods-ForceTouchSample/Pods-ForceTouchSample.release.xcconfig"; sourceTree = "<group>"; };
/* End PBXFileReference section */

/* Begin PBXFrameworksBuildPhase section */
		A452611F1D889FE100FD33B9 /* Frameworks */ = {
			isa = PBXFrameworksBuildPhase;
			buildActionMask = 2147483647;
			files = (
				DC82FFFA25041A4DBFB733B6 /* Pods_ForceTouchSample.framework in Frameworks */,
			);
			runOnlyForDeploymentPostprocessing = 0;
		};
/* End PBXFrameworksBuildPhase section */

/* Begin PBXGroup section */
		24D1B270C1FDE558928A70C4 /* Pods */ = {
			isa = PBXGroup;
			children = (
				A1720C79FBDDE94ADB60EBE8 /* Pods-ForceTouchSample.debug.xcconfig */,
				CD28A23FDF880FBE27CA7C5C /* Pods-ForceTouchSample.release.xcconfig */,
			);
			name = Pods;
			sourceTree = "<group>";
		};
		74ED5F4749D511823A27B987 /* Frameworks */ = {
			isa = PBXGroup;
			children = (
				38CFAAE08C1FEA3D9F1C7522 /* Pods_ForceTouchSample.framework */,
			);
			name = Frameworks;
			sourceTree = "<group>";
		};
		A45261191D889FE100FD33B9 = {
			isa = PBXGroup;
			children = (
				A45261241D889FE100FD33B9 /* ForceTouchSample */,
				A45261231D889FE100FD33B9 /* Products */,
				24D1B270C1FDE558928A70C4 /* Pods */,
				74ED5F4749D511823A27B987 /* Frameworks */,
			);
			sourceTree = "<group>";
		};
		A45261231D889FE100FD33B9 /* Products */ = {
			isa = PBXGroup;
			children = (
				A45261221D889FE100FD33B9 /* ForceTouchSample.app */,
			);
			name = Products;
			sourceTree = "<group>";
		};
		A45261241D889FE100FD33B9 /* ForceTouchSample */ = {
			isa = PBXGroup;
			children = (
				A45261281D889FE100FD33B9 /* AppDelegate.h */,
				A45261291D889FE100FD33B9 /* AppDelegate.m */,
				A452612B1D889FE100FD33B9 /* ViewController.h */,
				A452612C1D889FE100FD33B9 /* ViewController.m */,
				A452612E1D889FE100FD33B9 /* Main.storyboard */,
				A45261311D889FE100FD33B9 /* Assets.xcassets */,
				A45261331D889FE100FD33B9 /* LaunchScreen.storyboard */,
				A45261361D889FE100FD33B9 /* Info.plist */,
				A45261251D889FE100FD33B9 /* Supporting Files */,
			);
			path = ForceTouchSample;
			sourceTree = "<group>";
		};
		A45261251D889FE100FD33B9 /* Supporting Files */ = {
			isa = PBXGroup;
			children = (
				A45261261D889FE100FD33B9 /* main.m */,
			);
			name = "Supporting Files";
			sourceTree = "<group>";
		};
/* End PBXGroup section */

/* Begin PBXNativeTarget section */
		A45261211D889FE100FD33B9 /* ForceTouchSample */ = {
			isa = PBXNativeTarget;
			buildConfigurationList = A45261391D889FE100FD33B9 /* Build configuration list for PBXNativeTarget "ForceTouchSample" */;
			buildPhases = (
				2C8C73ACD4B09C44DDCFCB8C /* [CP] Check Pods Manifest.lock */,
				A452611E1D889FE100FD33B9 /* Sources */,
				A452611F1D889FE100FD33B9 /* Frameworks */,
				A45261201D889FE100FD33B9 /* Resources */,
				98BE666AB067B8BCB561C431 /* [CP] Embed Pods Frameworks */,
				6A23E28B678DAB48D5BB120C /* [CP] Copy Pods Resources */,
			);
			buildRules = (
			);
			dependencies = (
			);
			name = ForceTouchSample;
			productName = ForceTouchSample;
			productReference = A45261221D889FE100FD33B9 /* ForceTouchSample.app */;
			productType = "com.apple.product-type.application";
		};
/* End PBXNativeTarget section */

/* Begin PBXProject section */
		A452611A1D889FE100FD33B9 /* Project object */ = {
			isa = PBXProject;
			attributes = {
				LastUpgradeCheck = 0800;
				ORGANIZATIONNAME = "Abdullah Selek";
				TargetAttributes = {
					A45261211D889FE100FD33B9 = {
						CreatedOnToolsVersion = 8.0;
						ProvisioningStyle = Automatic;
					};
				};
			};
			buildConfigurationList = A452611D1D889FE100FD33B9 /* Build configuration list for PBXProject "ForceTouchSample" */;
			compatibilityVersion = "Xcode 3.2";
			developmentRegion = English;
			hasScannedForEncodings = 0;
			knownRegions = (
				en,
				Base,
			);
			mainGroup = A45261191D889FE100FD33B9;
			productRefGroup = A45261231D889FE100FD33B9 /* Products */;
			projectDirPath = "";
			projectRoot = "";
			targets = (
				A45261211D889FE100FD33B9 /* ForceTouchSample */,
			);
		};
/* End PBXProject section */

/* Begin PBXResourcesBuildPhase section */
		A45261201D889FE100FD33B9 /* Resources */ = {
			isa = PBXResourcesBuildPhase;
			buildActionMask = 2147483647;
			files = (
				A45261351D889FE100FD33B9 /* LaunchScreen.storyboard in Resources */,
				A45261321D889FE100FD33B9 /* Assets.xcassets in Resources */,
				A45261301D889FE100FD33B9 /* Main.storyboard in Resources */,
			);
			runOnlyForDeploymentPostprocessing = 0;
		};
/* End PBXResourcesBuildPhase section */

/* Begin PBXShellScriptBuildPhase section */
		2C8C73ACD4B09C44DDCFCB8C /* [CP] Check Pods Manifest.lock */ = {
			isa = PBXShellScriptBuildPhase;
			buildActionMask = 2147483647;
			files = (
			);
			inputPaths = (
			);
			name = "[CP] Check Pods Manifest.lock";
			outputPaths = (
			);
			runOnlyForDeploymentPostprocessing = 0;
			shellPath = /bin/sh;
			shellScript = "diff \"${PODS_ROOT}/../Podfile.lock\" \"${PODS_ROOT}/Manifest.lock\" > /dev/null\nif [ $? != 0 ] ; then\n    # print error to STDERR\n    echo \"error: The sandbox is not in sync with the Podfile.lock. Run 'pod install' or update your CocoaPods installation.\" >&2\n    exit 1\nfi\n";
			showEnvVarsInLog = 0;
		};
		6A23E28B678DAB48D5BB120C /* [CP] Copy Pods Resources */ = {
			isa = PBXShellScriptBuildPhase;
			buildActionMask = 2147483647;
			files = (
			);
			inputPaths = (
			);
			name = "[CP] Copy Pods Resources";
			outputPaths = (
			);
			runOnlyForDeploymentPostprocessing = 0;
			shellPath = /bin/sh;
			shellScript = "\"${SRCROOT}/../Pods/Target Support Files/Pods-ForceTouchSample/Pods-ForceTouchSample-resources.sh\"\n";
			showEnvVarsInLog = 0;
		};
		98BE666AB067B8BCB561C431 /* [CP] Embed Pods Frameworks */ = {
			isa = PBXShellScriptBuildPhase;
			buildActionMask = 2147483647;
			files = (
			);
			inputPaths = (
			);
			name = "[CP] Embed Pods Frameworks";
			outputPaths = (
			);
			runOnlyForDeploymentPostprocessing = 0;
			shellPath = /bin/sh;
			shellScript = "\"${SRCROOT}/../Pods/Target Support Files/Pods-ForceTouchSample/Pods-ForceTouchSample-frameworks.sh\"\n";
			showEnvVarsInLog = 0;
		};
/* End PBXShellScriptBuildPhase section */

/* Begin PBXSourcesBuildPhase section */
		A452611E1D889FE100FD33B9 /* Sources */ = {
			isa = PBXSourcesBuildPhase;
			buildActionMask = 2147483647;
			files = (
				A452612D1D889FE100FD33B9 /* ViewController.m in Sources */,
				A452612A1D889FE100FD33B9 /* AppDelegate.m in Sources */,
				A45261271D889FE100FD33B9 /* main.m in Sources */,
			);
			runOnlyForDeploymentPostprocessing = 0;
		};
/* End PBXSourcesBuildPhase section */

/* Begin PBXVariantGroup section */
		A452612E1D889FE100FD33B9 /* Main.storyboard */ = {
			isa = PBXVariantGroup;
			children = (
				A452612F1D889FE100FD33B9 /* Base */,
			);
			name = Main.storyboard;
			sourceTree = "<group>";
		};
		A45261331D889FE100FD33B9 /* LaunchScreen.storyboard */ = {
			isa = PBXVariantGroup;
			children = (
				A45261341D889FE100FD33B9 /* Base */,
			);
			name = LaunchScreen.storyboard;
			sourceTree = "<group>";
		};
/* End PBXVariantGroup section */

/* Begin XCBuildConfiguration section */
		A45261371D889FE100FD33B9 /* Debug */ = {
			isa = XCBuildConfiguration;
			buildSettings = {
				ALWAYS_SEARCH_USER_PATHS = NO;
				CLANG_ANALYZER_NONNULL = YES;
				CLANG_CXX_LANGUAGE_STANDARD = "gnu++0x";
				CLANG_CXX_LIBRARY = "libc++";
				CLANG_ENABLE_MODULES = YES;
				CLANG_ENABLE_OBJC_ARC = YES;
				CLANG_WARN_BOOL_CONVERSION = YES;
				CLANG_WARN_CONSTANT_CONVERSION = YES;
				CLANG_WARN_DIRECT_OBJC_ISA_USAGE = YES_ERROR;
				CLANG_WARN_DOCUMENTATION_COMMENTS = YES;
				CLANG_WARN_EMPTY_BODY = YES;
				CLANG_WARN_ENUM_CONVERSION = YES;
				CLANG_WARN_INFINITE_RECURSION = YES;
				CLANG_WARN_INT_CONVERSION = YES;
				CLANG_WARN_OBJC_ROOT_CLASS = YES_ERROR;
				CLANG_WARN_SUSPICIOUS_MOVES = YES;
				CLANG_WARN_UNREACHABLE_CODE = YES;
				CLANG_WARN__DUPLICATE_METHOD_MATCH = YES;
				"CODE_SIGN_IDENTITY[sdk=iphoneos*]" = "iPhone Developer";
				COPY_PHASE_STRIP = NO;
				DEBUG_INFORMATION_FORMAT = dwarf;
				ENABLE_STRICT_OBJC_MSGSEND = YES;
				ENABLE_TESTABILITY = YES;
				GCC_C_LANGUAGE_STANDARD = gnu99;
				GCC_DYNAMIC_NO_PIC = NO;
				GCC_NO_COMMON_BLOCKS = YES;
				GCC_OPTIMIZATION_LEVEL = 0;
				GCC_PREPROCESSOR_DEFINITIONS = (
					"DEBUG=1",
					"$(inherited)",
				);
				GCC_WARN_64_TO_32_BIT_CONVERSION = YES;
				GCC_WARN_ABOUT_RETURN_TYPE = YES_ERROR;
				GCC_WARN_UNDECLARED_SELECTOR = YES;
				GCC_WARN_UNINITIALIZED_AUTOS = YES_AGGRESSIVE;
				GCC_WARN_UNUSED_FUNCTION = YES;
				GCC_WARN_UNUSED_VARIABLE = YES;
				IPHONEOS_DEPLOYMENT_TARGET = 9.0;
				MTL_ENABLE_DEBUG_INFO = YES;
				ONLY_ACTIVE_ARCH = YES;
				SDKROOT = iphoneos;
				TARGETED_DEVICE_FAMILY = "1,2";
			};
			name = Debug;
		};
		A45261381D889FE100FD33B9 /* Release */ = {
			isa = XCBuildConfiguration;
			buildSettings = {
				ALWAYS_SEARCH_USER_PATHS = NO;
				CLANG_ANALYZER_NONNULL = YES;
				CLANG_CXX_LANGUAGE_STANDARD = "gnu++0x";
				CLANG_CXX_LIBRARY = "libc++";
				CLANG_ENABLE_MODULES = YES;
				CLANG_ENABLE_OBJC_ARC = YES;
				CLANG_WARN_BOOL_CONVERSION = YES;
				CLANG_WARN_CONSTANT_CONVERSION = YES;
				CLANG_WARN_DIRECT_OBJC_ISA_USAGE = YES_ERROR;
				CLANG_WARN_DOCUMENTATION_COMMENTS = YES;
				CLANG_WARN_EMPTY_BODY = YES;
				CLANG_WARN_ENUM_CONVERSION = YES;
				CLANG_WARN_INFINITE_RECURSION = YES;
				CLANG_WARN_INT_CONVERSION = YES;
				CLANG_WARN_OBJC_ROOT_CLASS = YES_ERROR;
				CLANG_WARN_SUSPICIOUS_MOVES = YES;
				CLANG_WARN_UNREACHABLE_CODE = YES;
				CLANG_WARN__DUPLICATE_METHOD_MATCH = YES;
				"CODE_SIGN_IDENTITY[sdk=iphoneos*]" = "iPhone Developer";
				COPY_PHASE_STRIP = NO;
				DEBUG_INFORMATION_FORMAT = "dwarf-with-dsym";
				ENABLE_NS_ASSERTIONS = NO;
				ENABLE_STRICT_OBJC_MSGSEND = YES;
				GCC_C_LANGUAGE_STANDARD = gnu99;
				GCC_NO_COMMON_BLOCKS = YES;
				GCC_WARN_64_TO_32_BIT_CONVERSION = YES;
				GCC_WARN_ABOUT_RETURN_TYPE = YES_ERROR;
				GCC_WARN_UNDECLARED_SELECTOR = YES;
				GCC_WARN_UNINITIALIZED_AUTOS = YES_AGGRESSIVE;
				GCC_WARN_UNUSED_FUNCTION = YES;
				GCC_WARN_UNUSED_VARIABLE = YES;
				IPHONEOS_DEPLOYMENT_TARGET = 9.0;
				MTL_ENABLE_DEBUG_INFO = NO;
				SDKROOT = iphoneos;
				TARGETED_DEVICE_FAMILY = "1,2";
				VALIDATE_PRODUCT = YES;
			};
			name = Release;
		};
		A452613A1D889FE100FD33B9 /* Debug */ = {
			isa = XCBuildConfiguration;
			baseConfigurationReference = A1720C79FBDDE94ADB60EBE8 /* Pods-ForceTouchSample.debug.xcconfig */;
			buildSettings = {
				ASSETCATALOG_COMPILER_APPICON_NAME = AppIcon;
				INFOPLIST_FILE = ForceTouchSample/Info.plist;
				IPHONEOS_DEPLOYMENT_TARGET = 9.0;
				LD_RUNPATH_SEARCH_PATHS = "$(inherited) @executable_path/Frameworks";
				PRODUCT_BUNDLE_IDENTIFIER = com.abdullahselek.ForceTouchSample;
				PRODUCT_NAME = "$(TARGET_NAME)";
			};
			name = Debug;
		};
		A452613B1D889FE100FD33B9 /* Release */ = {
			isa = XCBuildConfiguration;
			baseConfigurationReference = CD28A23FDF880FBE27CA7C5C /* Pods-ForceTouchSample.release.xcconfig */;
			buildSettings = {
				ASSETCATALOG_COMPILER_APPICON_NAME = AppIcon;
				INFOPLIST_FILE = ForceTouchSample/Info.plist;
				IPHONEOS_DEPLOYMENT_TARGET = 9.0;
				LD_RUNPATH_SEARCH_PATHS = "$(inherited) @executable_path/Frameworks";
				PRODUCT_BUNDLE_IDENTIFIER = com.abdullahselek.ForceTouchSample;
				PRODUCT_NAME = "$(TARGET_NAME)";
			};
			name = Release;
		};
/* End XCBuildConfiguration section */

/* Begin XCConfigurationList section */
		A452611D1D889FE100FD33B9 /* Build configuration list for PBXProject "ForceTouchSample" */ = {
			isa = XCConfigurationList;
			buildConfigurations = (
				A45261371D889FE100FD33B9 /* Debug */,
				A45261381D889FE100FD33B9 /* Release */,
			);
			defaultConfigurationIsVisible = 0;
			defaultConfigurationName = Release;
		};
		A45261391D889FE100FD33B9 /* Build configuration list for PBXNativeTarget "ForceTouchSample" */ = {
			isa = XCConfigurationList;
			buildConfigurations = (
				A452613A1D889FE100FD33B9 /* Debug */,
				A452613B1D889FE100FD33B9 /* Release */,
			);
			defaultConfigurationIsVisible = 0;
			defaultConfigurationName = Release;
		};
/* End XCConfigurationList section */
	};
	rootObject = A452611A1D889FE100FD33B9 /* Project object */;
}
